
Microsoft Visual Studio Solution File, Format Version 12.00
# Visual Studio 15
VisualStudioVersion = 15.0.28307.1231
MinimumVisualStudioVersion = 10.0.40219.1
Project("{FAE04EC0-301F-11D3-BF4B-00C04F79EFBC}") = "Demo_for_Git", "Demo_for_Git\Demo_for_Git.csproj", "{8A2FF583-90E2-41FE-9F29-6F9190839DC6}"
EndProject
Global
	GlobalSection(SolutionConfigurationPlatforms) = preSolution
		Debug|Any CPU = Debug|Any CPU
		Release|Any CPU = Release|Any CPU
	EndGlobalSection
	GlobalSection(ProjectConfigurationPlatforms) = postSolution
		{8A2FF583-90E2-41FE-9F29-6F9190839DC6}.Debug|Any CPU.ActiveCfg = Debug|Any CPU
		{8A2FF583-90E2-41FE-9F29-6F9190839DC6}.Debug|Any CPU.Build.0 = Debug|Any CPU
		{8A2FF583-90E2-41FE-9F29-6F9190839DC6}.Release|Any CPU.ActiveCfg = Release|Any CPU
		{8A2FF583-90E2-41FE-9F29-6F9190839DC6}.Release|Any CPU.Build.0 = Release|Any CPU
	EndGlobalSection
	GlobalSection(SolutionProperties) = preSolution
		HideSolutionNode = FALSE
	EndGlobalSection
	GlobalSection(ExtensibilityGlobals) = postSolution
		SolutionGuid = {C7DEFECB-CAB9-4FEE-8D7E-FF06A665A536}
	EndGlobalSection
EndGlobal
